// !$*UTF8*$!
{
	archiveVersion = 1;
	classes = {
	};
	objectVersion = 50;
	objects = {

/* Begin PBXBuildFile section */
		E35127EF20DB62AE00AFED10 /* AccelerateData.swift in Sources */ = {isa = PBXBuildFile; fileRef = E35127EE20DB62AE00AFED10 /* AccelerateData.swift */; };
		E355CDB520E0AE7E00FE13B7 /* ResultViewController.swift in Sources */ = {isa = PBXBuildFile; fileRef = E355CDB320E0AE7E00FE13B7 /* ResultViewController.swift */; };
		E355CDD420E0C3EE00FE13B7 /* Charts.framework in Frameworks */ = {isa = PBXBuildFile; fileRef = E355CDD120E0C3E200FE13B7 /* Charts.framework */; };
		E355CDD520E0C3EE00FE13B7 /* Charts.framework in Embed Frameworks */ = {isa = PBXBuildFile; fileRef = E355CDD120E0C3E200FE13B7 /* Charts.framework */; settings = {ATTRIBUTES = (CodeSignOnCopy, RemoveHeadersOnCopy, ); }; };
		E3770DB220E611C200F84B2F /* Interface.storyboard in Resources */ = {isa = PBXBuildFile; fileRef = E3770DB020E611C200F84B2F /* Interface.storyboard */; };
		E3770DB420E611C500F84B2F /* Assets.xcassets in Resources */ = {isa = PBXBuildFile; fileRef = E3770DB320E611C500F84B2F /* Assets.xcassets */; };
		E3770DBB20E611C500F84B2F /* AccelerationForWatch Extension.appex in Embed App Extensions */ = {isa = PBXBuildFile; fileRef = E3770DBA20E611C500F84B2F /* AccelerationForWatch Extension.appex */; settings = {ATTRIBUTES = (RemoveHeadersOnCopy, ); }; };
		E3770DC220E611C500F84B2F /* ExtensionDelegate.swift in Sources */ = {isa = PBXBuildFile; fileRef = E3770DC120E611C500F84B2F /* ExtensionDelegate.swift */; };
		E3770DC420E611C500F84B2F /* NotificationController.swift in Sources */ = {isa = PBXBuildFile; fileRef = E3770DC320E611C500F84B2F /* NotificationController.swift */; };
		E3770DC620E611C600F84B2F /* Assets.xcassets in Resources */ = {isa = PBXBuildFile; fileRef = E3770DC520E611C600F84B2F /* Assets.xcassets */; };
		E3770DCB20E611C600F84B2F /* AccelerationForWatch.app in Embed Watch Content */ = {isa = PBXBuildFile; fileRef = E3770DAE20E611C200F84B2F /* AccelerationForWatch.app */; };
		E3A4A76E20D21A63004908DA /* AppDelegate.swift in Sources */ = {isa = PBXBuildFile; fileRef = E3A4A76D20D21A63004908DA /* AppDelegate.swift */; };
		E3A4A77020D21A64004908DA /* CheckAccelerateViewController.swift in Sources */ = {isa = PBXBuildFile; fileRef = E3A4A76F20D21A64004908DA /* CheckAccelerateViewController.swift */; };
		E3A4A77320D21A64004908DA /* Main.storyboard in Resources */ = {isa = PBXBuildFile; fileRef = E3A4A77120D21A64004908DA /* Main.storyboard */; };
		E3A4A77520D21A65004908DA /* Assets.xcassets in Resources */ = {isa = PBXBuildFile; fileRef = E3A4A77420D21A65004908DA /* Assets.xcassets */; };
		E3A4A77820D21A65004908DA /* LaunchScreen.storyboard in Resources */ = {isa = PBXBuildFile; fileRef = E3A4A77620D21A65004908DA /* LaunchScreen.storyboard */; };
		E3A4A78320D21A65004908DA /* AccelerationSensorTests.swift in Sources */ = {isa = PBXBuildFile; fileRef = E3A4A78220D21A65004908DA /* AccelerationSensorTests.swift */; };
		E3A4A78E20D21A65004908DA /* AccelerationSensorUITests.swift in Sources */ = {isa = PBXBuildFile; fileRef = E3A4A78D20D21A65004908DA /* AccelerationSensorUITests.swift */; };
		E3A4A79D20D21E6D004908DA /* CoreMotion.framework in Frameworks */ = {isa = PBXBuildFile; fileRef = E3A4A79C20D21E6D004908DA /* CoreMotion.framework */; };
		E3DEAC3A20EB5B7500B10E7F /* InterfaceController.swift in Sources */ = {isa = PBXBuildFile; fileRef = E3770DBF20E611C500F84B2F /* InterfaceController.swift */; };
		E3DEAC3F20EDF7B500B10E7F /* WatchConnectivity.framework in Frameworks */ = {isa = PBXBuildFile; fileRef = E3DEAC3E20EDF7B500B10E7F /* WatchConnectivity.framework */; };
/* End PBXBuildFile section */

/* Begin PBXContainerItemProxy section */
		E355CDD020E0C3E200FE13B7 /* PBXContainerItemProxy */ = {
			isa = PBXContainerItemProxy;
			containerPortal = E355CDCB20E0C3E200FE13B7 /* Charts.xcodeproj */;
			proxyType = 2;
			remoteGlobalIDString = 65AD9E95D9ED4DC0BD73A743;
			remoteInfo = Charts;
		};
		E355CDD220E0C3E200FE13B7 /* PBXContainerItemProxy */ = {
			isa = PBXContainerItemProxy;
			containerPortal = E355CDCB20E0C3E200FE13B7 /* Charts.xcodeproj */;
			proxyType = 2;
			remoteGlobalIDString = 1CBBC58C6CE1EBEE9852CE41;
			remoteInfo = ChartsTests;
		};
		E355CDD620E0C3EE00FE13B7 /* PBXContainerItemProxy */ = {
			isa = PBXContainerItemProxy;
			containerPortal = E355CDCB20E0C3E200FE13B7 /* Charts.xcodeproj */;
			proxyType = 1;
			remoteGlobalIDString = A58A4ED274A941CA248EA921;
			remoteInfo = Charts;
		};
		E3770DBC20E611C500F84B2F /* PBXContainerItemProxy */ = {
			isa = PBXContainerItemProxy;
			containerPortal = E3A4A76220D21A63004908DA /* Project object */;
			proxyType = 1;
			remoteGlobalIDString = E3770DB920E611C500F84B2F;
			remoteInfo = "AccelerationForWatch Extension";
		};
		E3770DC920E611C600F84B2F /* PBXContainerItemProxy */ = {
			isa = PBXContainerItemProxy;
			containerPortal = E3A4A76220D21A63004908DA /* Project object */;
			proxyType = 1;
			remoteGlobalIDString = E3770DAD20E611C200F84B2F;
			remoteInfo = AccelerationForWatch;
		};
		E3A4A77F20D21A65004908DA /* PBXContainerItemProxy */ = {
			isa = PBXContainerItemProxy;
			containerPortal = E3A4A76220D21A63004908DA /* Project object */;
			proxyType = 1;
			remoteGlobalIDString = E3A4A76920D21A63004908DA;
			remoteInfo = AccelerationSensor;
		};
		E3A4A78A20D21A65004908DA /* PBXContainerItemProxy */ = {
			isa = PBXContainerItemProxy;
			containerPortal = E3A4A76220D21A63004908DA /* Project object */;
			proxyType = 1;
			remoteGlobalIDString = E3A4A76920D21A63004908DA;
			remoteInfo = AccelerationSensor;
		};
/* End PBXContainerItemProxy section */

/* Begin PBXCopyFilesBuildPhase section */
		E355CDD820E0C3EE00FE13B7 /* Embed Frameworks */ = {
			isa = PBXCopyFilesBuildPhase;
			buildActionMask = 2147483647;
			dstPath = "";
			dstSubfolderSpec = 10;
			files = (
				E355CDD520E0C3EE00FE13B7 /* Charts.framework in Embed Frameworks */,
			);
			name = "Embed Frameworks";
			runOnlyForDeploymentPostprocessing = 0;
		};
		E3770DD220E611C600F84B2F /* Embed App Extensions */ = {
			isa = PBXCopyFilesBuildPhase;
			buildActionMask = 2147483647;
			dstPath = "";
			dstSubfolderSpec = 13;
			files = (
				E3770DBB20E611C500F84B2F /* AccelerationForWatch Extension.appex in Embed App Extensions */,
			);
			name = "Embed App Extensions";
			runOnlyForDeploymentPostprocessing = 0;
		};
		E3770DD420E611C600F84B2F /* Embed Watch Content */ = {
			isa = PBXCopyFilesBuildPhase;
			buildActionMask = 2147483647;
			dstPath = "$(CONTENTS_FOLDER_PATH)/Watch";
			dstSubfolderSpec = 16;
			files = (
				E3770DCB20E611C600F84B2F /* AccelerationForWatch.app in Embed Watch Content */,
			);
			name = "Embed Watch Content";
			runOnlyForDeploymentPostprocessing = 0;
		};
/* End PBXCopyFilesBuildPhase section */

/* Begin PBXFileReference section */
		E35127EE20DB62AE00AFED10 /* AccelerateData.swift */ = {isa = PBXFileReference; lastKnownFileType = sourcecode.swift; path = AccelerateData.swift; sourceTree = "<group>"; };
		E355CDB320E0AE7E00FE13B7 /* ResultViewController.swift */ = {isa = PBXFileReference; lastKnownFileType = sourcecode.swift; path = ResultViewController.swift; sourceTree = "<group>"; };
		E355CDCB20E0C3E200FE13B7 /* Charts.xcodeproj */ = {isa = PBXFileReference; lastKnownFileType = "wrapper.pb-project"; name = Charts.xcodeproj; path = "Charts-master/Charts.xcodeproj"; sourceTree = "<group>"; };
		E3770DAE20E611C200F84B2F /* AccelerationForWatch.app */ = {isa = PBXFileReference; explicitFileType = wrapper.application; includeInIndex = 0; path = AccelerationForWatch.app; sourceTree = BUILT_PRODUCTS_DIR; };
		E3770DB120E611C200F84B2F /* Base */ = {isa = PBXFileReference; lastKnownFileType = file.storyboard; name = Base; path = Base.lproj/Interface.storyboard; sourceTree = "<group>"; };
		E3770DB320E611C500F84B2F /* Assets.xcassets */ = {isa = PBXFileReference; lastKnownFileType = folder.assetcatalog; path = Assets.xcassets; sourceTree = "<group>"; };
		E3770DB520E611C500F84B2F /* Info.plist */ = {isa = PBXFileReference; lastKnownFileType = text.plist.xml; path = Info.plist; sourceTree = "<group>"; };
		E3770DBA20E611C500F84B2F /* AccelerationForWatch Extension.appex */ = {isa = PBXFileReference; explicitFileType = "wrapper.app-extension"; includeInIndex = 0; path = "AccelerationForWatch Extension.appex"; sourceTree = BUILT_PRODUCTS_DIR; };
		E3770DBF20E611C500F84B2F /* InterfaceController.swift */ = {isa = PBXFileReference; lastKnownFileType = sourcecode.swift; path = InterfaceController.swift; sourceTree = "<group>"; };
		E3770DC120E611C500F84B2F /* ExtensionDelegate.swift */ = {isa = PBXFileReference; lastKnownFileType = sourcecode.swift; path = ExtensionDelegate.swift; sourceTree = "<group>"; };
		E3770DC320E611C500F84B2F /* NotificationController.swift */ = {isa = PBXFileReference; lastKnownFileType = sourcecode.swift; path = NotificationController.swift; sourceTree = "<group>"; };
		E3770DC520E611C600F84B2F /* Assets.xcassets */ = {isa = PBXFileReference; lastKnownFileType = folder.assetcatalog; path = Assets.xcassets; sourceTree = "<group>"; };
		E3770DC720E611C600F84B2F /* Info.plist */ = {isa = PBXFileReference; lastKnownFileType = text.plist.xml; path = Info.plist; sourceTree = "<group>"; };
		E3770DC820E611C600F84B2F /* PushNotificationPayload.apns */ = {isa = PBXFileReference; lastKnownFileType = text; path = PushNotificationPayload.apns; sourceTree = "<group>"; };
		E3A4A76A20D21A63004908DA /* AccelerationSensor.app */ = {isa = PBXFileReference; explicitFileType = wrapper.application; includeInIndex = 0; path = AccelerationSensor.app; sourceTree = BUILT_PRODUCTS_DIR; };
		E3A4A76D20D21A63004908DA /* AppDelegate.swift */ = {isa = PBXFileReference; lastKnownFileType = sourcecode.swift; path = AppDelegate.swift; sourceTree = "<group>"; };
		E3A4A76F20D21A64004908DA /* CheckAccelerateViewController.swift */ = {isa = PBXFileReference; lastKnownFileType = sourcecode.swift; path = CheckAccelerateViewController.swift; sourceTree = "<group>"; };
		E3A4A77220D21A64004908DA /* Base */ = {isa = PBXFileReference; lastKnownFileType = file.storyboard; name = Base; path = Base.lproj/Main.storyboard; sourceTree = "<group>"; };
		E3A4A77420D21A65004908DA /* Assets.xcassets */ = {isa = PBXFileReference; lastKnownFileType = folder.assetcatalog; path = Assets.xcassets; sourceTree = "<group>"; };
		E3A4A77720D21A65004908DA /* Base */ = {isa = PBXFileReference; lastKnownFileType = file.storyboard; name = Base; path = Base.lproj/LaunchScreen.storyboard; sourceTree = "<group>"; };
		E3A4A77920D21A65004908DA /* Info.plist */ = {isa = PBXFileReference; lastKnownFileType = text.plist.xml; path = Info.plist; sourceTree = "<group>"; };
		E3A4A77E20D21A65004908DA /* AccelerationSensorTests.xctest */ = {isa = PBXFileReference; explicitFileType = wrapper.cfbundle; includeInIndex = 0; path = AccelerationSensorTests.xctest; sourceTree = BUILT_PRODUCTS_DIR; };
		E3A4A78220D21A65004908DA /* AccelerationSensorTests.swift */ = {isa = PBXFileReference; lastKnownFileType = sourcecode.swift; path = AccelerationSensorTests.swift; sourceTree = "<group>"; };
		E3A4A78420D21A65004908DA /* Info.plist */ = {isa = PBXFileReference; lastKnownFileType = text.plist.xml; path = Info.plist; sourceTree = "<group>"; };
		E3A4A78920D21A65004908DA /* AccelerationSensorUITests.xctest */ = {isa = PBXFileReference; explicitFileType = wrapper.cfbundle; includeInIndex = 0; path = AccelerationSensorUITests.xctest; sourceTree = BUILT_PRODUCTS_DIR; };
		E3A4A78D20D21A65004908DA /* AccelerationSensorUITests.swift */ = {isa = PBXFileReference; lastKnownFileType = sourcecode.swift; path = AccelerationSensorUITests.swift; sourceTree = "<group>"; };
		E3A4A78F20D21A65004908DA /* Info.plist */ = {isa = PBXFileReference; lastKnownFileType = text.plist.xml; path = Info.plist; sourceTree = "<group>"; };
		E3A4A79C20D21E6D004908DA /* CoreMotion.framework */ = {isa = PBXFileReference; lastKnownFileType = wrapper.framework; name = CoreMotion.framework; path = System/Library/Frameworks/CoreMotion.framework; sourceTree = SDKROOT; };
		E3DEAC3C20EDDE5600B10E7F /* AccelerationForWatch.entitlements */ = {isa = PBXFileReference; lastKnownFileType = text.plist.entitlements; path = AccelerationForWatch.entitlements; sourceTree = "<group>"; };
		E3DEAC3E20EDF7B500B10E7F /* WatchConnectivity.framework */ = {isa = PBXFileReference; lastKnownFileType = wrapper.framework; name = WatchConnectivity.framework; path = Platforms/WatchOS.platform/Developer/SDKs/WatchOS4.3.sdk/System/Library/Frameworks/WatchConnectivity.framework; sourceTree = DEVELOPER_DIR; };
/* End PBXFileReference section */

/* Begin PBXFrameworksBuildPhase section */
		E3770DB720E611C500F84B2F /* Frameworks */ = {
			isa = PBXFrameworksBuildPhase;
			buildActionMask = 2147483647;
			files = (
				E3DEAC3F20EDF7B500B10E7F /* WatchConnectivity.framework in Frameworks */,
			);
			runOnlyForDeploymentPostprocessing = 0;
		};
		E3A4A76720D21A63004908DA /* Frameworks */ = {
			isa = PBXFrameworksBuildPhase;
			buildActionMask = 2147483647;
			files = (
				E3A4A79D20D21E6D004908DA /* CoreMotion.framework in Frameworks */,
				E355CDD420E0C3EE00FE13B7 /* Charts.framework in Frameworks */,
			);
			runOnlyForDeploymentPostprocessing = 0;
		};
		E3A4A77B20D21A65004908DA /* Frameworks */ = {
			isa = PBXFrameworksBuildPhase;
			buildActionMask = 2147483647;
			files = (
			);
			runOnlyForDeploymentPostprocessing = 0;
		};
		E3A4A78620D21A65004908DA /* Frameworks */ = {
			isa = PBXFrameworksBuildPhase;
			buildActionMask = 2147483647;
			files = (
			);
			runOnlyForDeploymentPostprocessing = 0;
		};
/* End PBXFrameworksBuildPhase section */

/* Begin PBXGroup section */
		E355CDCC20E0C3E200FE13B7 /* Products */ = {
			isa = PBXGroup;
			children = (
				E355CDD120E0C3E200FE13B7 /* Charts.framework */,
				E355CDD320E0C3E200FE13B7 /* ChartsTests.xctest */,
			);
			name = Products;
			sourceTree = "<group>";
		};
		E3770DAF20E611C200F84B2F /* AccelerationForWatch */ = {
			isa = PBXGroup;
			children = (
				E3DEAC3C20EDDE5600B10E7F /* AccelerationForWatch.entitlements */,
				E3770DB020E611C200F84B2F /* Interface.storyboard */,
				E3770DB320E611C500F84B2F /* Assets.xcassets */,
				E3770DB520E611C500F84B2F /* Info.plist */,
			);
			path = AccelerationForWatch;
			sourceTree = "<group>";
		};
		E3770DBE20E611C500F84B2F /* AccelerationForWatch Extension */ = {
			isa = PBXGroup;
			children = (
				E3770DBF20E611C500F84B2F /* InterfaceController.swift */,
				E3770DC120E611C500F84B2F /* ExtensionDelegate.swift */,
				E3770DC320E611C500F84B2F /* NotificationController.swift */,
				E3770DC520E611C600F84B2F /* Assets.xcassets */,
				E3770DC720E611C600F84B2F /* Info.plist */,
				E3770DC820E611C600F84B2F /* PushNotificationPayload.apns */,
			);
			path = "AccelerationForWatch Extension";
			sourceTree = "<group>";
		};
		E3A4A76120D21A63004908DA = {
			isa = PBXGroup;
			children = (
				E355CDCB20E0C3E200FE13B7 /* Charts.xcodeproj */,
				E3A4A76C20D21A63004908DA /* AccelerationSensor */,
				E3A4A78120D21A65004908DA /* AccelerationSensorTests */,
				E3A4A78C20D21A65004908DA /* AccelerationSensorUITests */,
				E3770DAF20E611C200F84B2F /* AccelerationForWatch */,
				E3770DBE20E611C500F84B2F /* AccelerationForWatch Extension */,
				E3A4A76B20D21A63004908DA /* Products */,
				E3A4A79B20D21E6C004908DA /* Frameworks */,
			);
			sourceTree = "<group>";
		};
		E3A4A76B20D21A63004908DA /* Products */ = {
			isa = PBXGroup;
			children = (
				E3A4A76A20D21A63004908DA /* AccelerationSensor.app */,
				E3A4A77E20D21A65004908DA /* AccelerationSensorTests.xctest */,
				E3A4A78920D21A65004908DA /* AccelerationSensorUITests.xctest */,
				E3770DAE20E611C200F84B2F /* AccelerationForWatch.app */,
				E3770DBA20E611C500F84B2F /* AccelerationForWatch Extension.appex */,
			);
			name = Products;
			sourceTree = "<group>";
		};
		E3A4A76C20D21A63004908DA /* AccelerationSensor */ = {
			isa = PBXGroup;
			children = (
				E3A4A76D20D21A63004908DA /* AppDelegate.swift */,
				E3A4A76F20D21A64004908DA /* CheckAccelerateViewController.swift */,
				E355CDB320E0AE7E00FE13B7 /* ResultViewController.swift */,
				E35127EE20DB62AE00AFED10 /* AccelerateData.swift */,
				E3A4A77120D21A64004908DA /* Main.storyboard */,
				E3A4A77420D21A65004908DA /* Assets.xcassets */,
				E3A4A77620D21A65004908DA /* LaunchScreen.storyboard */,
				E3A4A77920D21A65004908DA /* Info.plist */,
			);
			path = AccelerationSensor;
			sourceTree = "<group>";
		};
		E3A4A78120D21A65004908DA /* AccelerationSensorTests */ = {
			isa = PBXGroup;
			children = (
				E3A4A78220D21A65004908DA /* AccelerationSensorTests.swift */,
				E3A4A78420D21A65004908DA /* Info.plist */,
			);
			path = AccelerationSensorTests;
			sourceTree = "<group>";
		};
		E3A4A78C20D21A65004908DA /* AccelerationSensorUITests */ = {
			isa = PBXGroup;
			children = (
				E3A4A78D20D21A65004908DA /* AccelerationSensorUITests.swift */,
				E3A4A78F20D21A65004908DA /* Info.plist */,
			);
			path = AccelerationSensorUITests;
			sourceTree = "<group>";
		};
		E3A4A79B20D21E6C004908DA /* Frameworks */ = {
			isa = PBXGroup;
			children = (
				E3DEAC3E20EDF7B500B10E7F /* WatchConnectivity.framework */,
				E3A4A79C20D21E6D004908DA /* CoreMotion.framework */,
			);
			name = Frameworks;
			sourceTree = "<group>";
		};
/* End PBXGroup section */

/* Begin PBXNativeTarget section */
		E3770DAD20E611C200F84B2F /* AccelerationForWatch */ = {
			isa = PBXNativeTarget;
			buildConfigurationList = E3770DD320E611C600F84B2F /* Build configuration list for PBXNativeTarget "AccelerationForWatch" */;
			buildPhases = (
				E3770DAC20E611C200F84B2F /* Resources */,
				E3770DD220E611C600F84B2F /* Embed App Extensions */,
			);
			buildRules = (
			);
			dependencies = (
				E3770DBD20E611C500F84B2F /* PBXTargetDependency */,
			);
			name = AccelerationForWatch;
			productName = AccelerationForWatch;
			productReference = E3770DAE20E611C200F84B2F /* AccelerationForWatch.app */;
			productType = "com.apple.product-type.application.watchapp2";
		};
		E3770DB920E611C500F84B2F /* AccelerationForWatch Extension */ = {
			isa = PBXNativeTarget;
			buildConfigurationList = E3770DD120E611C600F84B2F /* Build configuration list for PBXNativeTarget "AccelerationForWatch Extension" */;
			buildPhases = (
				E3770DB620E611C500F84B2F /* Sources */,
				E3770DB720E611C500F84B2F /* Frameworks */,
				E3770DB820E611C500F84B2F /* Resources */,
			);
			buildRules = (
			);
			dependencies = (
			);
			name = "AccelerationForWatch Extension";
			productName = "AccelerationForWatch Extension";
			productReference = E3770DBA20E611C500F84B2F /* AccelerationForWatch Extension.appex */;
			productType = "com.apple.product-type.watchkit2-extension";
		};
		E3A4A76920D21A63004908DA /* AccelerationSensor */ = {
			isa = PBXNativeTarget;
			buildConfigurationList = E3A4A79220D21A65004908DA /* Build configuration list for PBXNativeTarget "AccelerationSensor" */;
			buildPhases = (
				E3A4A76620D21A63004908DA /* Sources */,
				E3A4A76720D21A63004908DA /* Frameworks */,
				E3A4A76820D21A63004908DA /* Resources */,
				E355CDD820E0C3EE00FE13B7 /* Embed Frameworks */,
				E3770DD420E611C600F84B2F /* Embed Watch Content */,
			);
			buildRules = (
			);
			dependencies = (
				E355CDD720E0C3EE00FE13B7 /* PBXTargetDependency */,
				E3770DCA20E611C600F84B2F /* PBXTargetDependency */,
			);
			name = AccelerationSensor;
			productName = AccelerationSensor;
			productReference = E3A4A76A20D21A63004908DA /* AccelerationSensor.app */;
			productType = "com.apple.product-type.application";
		};
		E3A4A77D20D21A65004908DA /* AccelerationSensorTests */ = {
			isa = PBXNativeTarget;
			buildConfigurationList = E3A4A79520D21A65004908DA /* Build configuration list for PBXNativeTarget "AccelerationSensorTests" */;
			buildPhases = (
				E3A4A77A20D21A65004908DA /* Sources */,
				E3A4A77B20D21A65004908DA /* Frameworks */,
				E3A4A77C20D21A65004908DA /* Resources */,
			);
			buildRules = (
			);
			dependencies = (
				E3A4A78020D21A65004908DA /* PBXTargetDependency */,
			);
			name = AccelerationSensorTests;
			productName = AccelerationSensorTests;
			productReference = E3A4A77E20D21A65004908DA /* AccelerationSensorTests.xctest */;
			productType = "com.apple.product-type.bundle.unit-test";
		};
		E3A4A78820D21A65004908DA /* AccelerationSensorUITests */ = {
			isa = PBXNativeTarget;
			buildConfigurationList = E3A4A79820D21A65004908DA /* Build configuration list for PBXNativeTarget "AccelerationSensorUITests" */;
			buildPhases = (
				E3A4A78520D21A65004908DA /* Sources */,
				E3A4A78620D21A65004908DA /* Frameworks */,
				E3A4A78720D21A65004908DA /* Resources */,
			);
			buildRules = (
			);
			dependencies = (
				E3A4A78B20D21A65004908DA /* PBXTargetDependency */,
			);
			name = AccelerationSensorUITests;
			productName = AccelerationSensorUITests;
			productReference = E3A4A78920D21A65004908DA /* AccelerationSensorUITests.xctest */;
			productType = "com.apple.product-type.bundle.ui-testing";
		};
/* End PBXNativeTarget section */

/* Begin PBXProject section */
		E3A4A76220D21A63004908DA /* Project object */ = {
			isa = PBXProject;
			attributes = {
				LastSwiftUpdateCheck = 0940;
				LastUpgradeCheck = 0940;
				ORGANIZATIONNAME = "土居将史";
				TargetAttributes = {
					E3770DAD20E611C200F84B2F = {
						CreatedOnToolsVersion = 9.4.1;
						SystemCapabilities = {
							com.apple.ApplicationGroups.iOS = {
								enabled = 0;
							};
						};
					};
					E3770DB920E611C500F84B2F = {
						CreatedOnToolsVersion = 9.4.1;
					};
					E3A4A76920D21A63004908DA = {
						CreatedOnToolsVersion = 9.4;
						SystemCapabilities = {
							com.apple.ApplicationGroups.iOS = {
								enabled = 0;
							};
						};
					};
					E3A4A77D20D21A65004908DA = {
						CreatedOnToolsVersion = 9.4;
						TestTargetID = E3A4A76920D21A63004908DA;
					};
					E3A4A78820D21A65004908DA = {
						CreatedOnToolsVersion = 9.4;
						TestTargetID = E3A4A76920D21A63004908DA;
					};
				};
			};
			buildConfigurationList = E3A4A76520D21A63004908DA /* Build configuration list for PBXProject "AccelerationSensor" */;
			compatibilityVersion = "Xcode 9.3";
			developmentRegion = en;
			hasScannedForEncodings = 0;
			knownRegions = (
				en,
				Base,
			);
			mainGroup = E3A4A76120D21A63004908DA;
			productRefGroup = E3A4A76B20D21A63004908DA /* Products */;
			projectDirPath = "";
			projectReferences = (
				{
					ProductGroup = E355CDCC20E0C3E200FE13B7 /* Products */;
					ProjectRef = E355CDCB20E0C3E200FE13B7 /* Charts.xcodeproj */;
				},
			);
			projectRoot = "";
			targets = (
				E3A4A76920D21A63004908DA /* AccelerationSensor */,
				E3A4A77D20D21A65004908DA /* AccelerationSensorTests */,
				E3A4A78820D21A65004908DA /* AccelerationSensorUITests */,
				E3770DAD20E611C200F84B2F /* AccelerationForWatch */,
				E3770DB920E611C500F84B2F /* AccelerationForWatch Extension */,
			);
		};
/* End PBXProject section */

/* Begin PBXReferenceProxy section */
		E355CDD120E0C3E200FE13B7 /* Charts.framework */ = {
			isa = PBXReferenceProxy;
			fileType = wrapper.framework;
			path = Charts.framework;
			remoteRef = E355CDD020E0C3E200FE13B7 /* PBXContainerItemProxy */;
			sourceTree = BUILT_PRODUCTS_DIR;
		};
		E355CDD320E0C3E200FE13B7 /* ChartsTests.xctest */ = {
			isa = PBXReferenceProxy;
			fileType = wrapper.cfbundle;
			path = ChartsTests.xctest;
			remoteRef = E355CDD220E0C3E200FE13B7 /* PBXContainerItemProxy */;
			sourceTree = BUILT_PRODUCTS_DIR;
		};
/* End PBXReferenceProxy section */

/* Begin PBXResourcesBuildPhase section */
		E3770DAC20E611C200F84B2F /* Resources */ = {
			isa = PBXResourcesBuildPhase;
			buildActionMask = 2147483647;
			files = (
				E3770DB420E611C500F84B2F /* Assets.xcassets in Resources */,
				E3770DB220E611C200F84B2F /* Interface.storyboard in Resources */,
			);
			runOnlyForDeploymentPostprocessing = 0;
		};
		E3770DB820E611C500F84B2F /* Resources */ = {
			isa = PBXResourcesBuildPhase;
			buildActionMask = 2147483647;
			files = (
				E3770DC620E611C600F84B2F /* Assets.xcassets in Resources */,
			);
			runOnlyForDeploymentPostprocessing = 0;
		};
		E3A4A76820D21A63004908DA /* Resources */ = {
			isa = PBXResourcesBuildPhase;
			buildActionMask = 2147483647;
			files = (
				E3A4A77820D21A65004908DA /* LaunchScreen.storyboard in Resources */,
				E3A4A77520D21A65004908DA /* Assets.xcassets in Resources */,
				E3A4A77320D21A64004908DA /* Main.storyboard in Resources */,
			);
			runOnlyForDeploymentPostprocessing = 0;
		};
		E3A4A77C20D21A65004908DA /* Resources */ = {
			isa = PBXResourcesBuildPhase;
			buildActionMask = 2147483647;
			files = (
			);
			runOnlyForDeploymentPostprocessing = 0;
		};
		E3A4A78720D21A65004908DA /* Resources */ = {
			isa = PBXResourcesBuildPhase;
			buildActionMask = 2147483647;
			files = (
			);
			runOnlyForDeploymentPostprocessing = 0;
		};
/* End PBXResourcesBuildPhase section */

/* Begin PBXSourcesBuildPhase section */
		E3770DB620E611C500F84B2F /* Sources */ = {
			isa = PBXSourcesBuildPhase;
			buildActionMask = 2147483647;
			files = (
				E3DEAC3A20EB5B7500B10E7F /* InterfaceController.swift in Sources */,
				E3770DC420E611C500F84B2F /* NotificationController.swift in Sources */,
				E3770DC220E611C500F84B2F /* ExtensionDelegate.swift in Sources */,
			);
			runOnlyForDeploymentPostprocessing = 0;
		};
		E3A4A76620D21A63004908DA /* Sources */ = {
			isa = PBXSourcesBuildPhase;
			buildActionMask = 2147483647;
			files = (
				E35127EF20DB62AE00AFED10 /* AccelerateData.swift in Sources */,
				E3A4A77020D21A64004908DA /* CheckAccelerateViewController.swift in Sources */,
				E3A4A76E20D21A63004908DA /* AppDelegate.swift in Sources */,
				E355CDB520E0AE7E00FE13B7 /* ResultViewController.swift in Sources */,
			);
			runOnlyForDeploymentPostprocessing = 0;
		};
		E3A4A77A20D21A65004908DA /* Sources */ = {
			isa = PBXSourcesBuildPhase;
			buildActionMask = 2147483647;
			files = (
				E3A4A78320D21A65004908DA /* AccelerationSensorTests.swift in Sources */,
			);
			runOnlyForDeploymentPostprocessing = 0;
		};
		E3A4A78520D21A65004908DA /* Sources */ = {
			isa = PBXSourcesBuildPhase;
			buildActionMask = 2147483647;
			files = (
				E3A4A78E20D21A65004908DA /* AccelerationSensorUITests.swift in Sources */,
			);
			runOnlyForDeploymentPostprocessing = 0;
		};
/* End PBXSourcesBuildPhase section */

/* Begin PBXTargetDependency section */
		E355CDD720E0C3EE00FE13B7 /* PBXTargetDependency */ = {
			isa = PBXTargetDependency;
			name = Charts;
			targetProxy = E355CDD620E0C3EE00FE13B7 /* PBXContainerItemProxy */;
		};
		E3770DBD20E611C500F84B2F /* PBXTargetDependency */ = {
			isa = PBXTargetDependency;
			target = E3770DB920E611C500F84B2F /* AccelerationForWatch Extension */;
			targetProxy = E3770DBC20E611C500F84B2F /* PBXContainerItemProxy */;
		};
		E3770DCA20E611C600F84B2F /* PBXTargetDependency */ = {
			isa = PBXTargetDependency;
			target = E3770DAD20E611C200F84B2F /* AccelerationForWatch */;
			targetProxy = E3770DC920E611C600F84B2F /* PBXContainerItemProxy */;
		};
		E3A4A78020D21A65004908DA /* PBXTargetDependency */ = {
			isa = PBXTargetDependency;
			target = E3A4A76920D21A63004908DA /* AccelerationSensor */;
			targetProxy = E3A4A77F20D21A65004908DA /* PBXContainerItemProxy */;
		};
		E3A4A78B20D21A65004908DA /* PBXTargetDependency */ = {
			isa = PBXTargetDependency;
			target = E3A4A76920D21A63004908DA /* AccelerationSensor */;
			targetProxy = E3A4A78A20D21A65004908DA /* PBXContainerItemProxy */;
		};
/* End PBXTargetDependency section */

/* Begin PBXVariantGroup section */
		E3770DB020E611C200F84B2F /* Interface.storyboard */ = {
			isa = PBXVariantGroup;
			children = (
				E3770DB120E611C200F84B2F /* Base */,
			);
			name = Interface.storyboard;
			sourceTree = "<group>";
		};
		E3A4A77120D21A64004908DA /* Main.storyboard */ = {
			isa = PBXVariantGroup;
			children = (
				E3A4A77220D21A64004908DA /* Base */,
			);
			name = Main.storyboard;
			sourceTree = "<group>";
		};
		E3A4A77620D21A65004908DA /* LaunchScreen.storyboard */ = {
			isa = PBXVariantGroup;
			children = (
				E3A4A77720D21A65004908DA /* Base */,
			);
			name = LaunchScreen.storyboard;
			sourceTree = "<group>";
		};
/* End PBXVariantGroup section */

/* Begin XCBuildConfiguration section */
		E3770DCC20E611C600F84B2F /* Debug */ = {
			isa = XCBuildConfiguration;
			buildSettings = {
				ALWAYS_EMBED_SWIFT_STANDARD_LIBRARIES = YES;
				ASSETCATALOG_COMPILER_APPICON_NAME = AppIcon;
				CODE_SIGN_STYLE = Automatic;
				DEVELOPMENT_TEAM = KDV5SVN7RH;
				IBSC_MODULE = AccelerationForWatch_Extension;
				INFOPLIST_FILE = AccelerationForWatch/Info.plist;
				PRODUCT_BUNDLE_IDENTIFIER = com.project.AccelerationSensor.watchkitapp;
				PRODUCT_NAME = "$(TARGET_NAME)";
				SDKROOT = watchos;
				SKIP_INSTALL = YES;
				SWIFT_VERSION = 4.0;
				TARGETED_DEVICE_FAMILY = 4;
				WATCHOS_DEPLOYMENT_TARGET = 4.3;
			};
			name = Debug;
		};
		E3770DCD20E611C600F84B2F /* Release */ = {
			isa = XCBuildConfiguration;
			buildSettings = {
				ALWAYS_EMBED_SWIFT_STANDARD_LIBRARIES = YES;
				ASSETCATALOG_COMPILER_APPICON_NAME = AppIcon;
				CODE_SIGN_STYLE = Automatic;
				DEVELOPMENT_TEAM = KDV5SVN7RH;
				IBSC_MODULE = AccelerationForWatch_Extension;
				INFOPLIST_FILE = AccelerationForWatch/Info.plist;
				PRODUCT_BUNDLE_IDENTIFIER = com.project.AccelerationSensor.watchkitapp;
				PRODUCT_NAME = "$(TARGET_NAME)";
				SDKROOT = watchos;
				SKIP_INSTALL = YES;
				SWIFT_VERSION = 4.0;
				TARGETED_DEVICE_FAMILY = 4;
				WATCHOS_DEPLOYMENT_TARGET = 4.3;
			};
			name = Release;
		};
		E3770DCE20E611C600F84B2F /* Debug */ = {
			isa = XCBuildConfiguration;
			buildSettings = {
				ASSETCATALOG_COMPILER_COMPLICATION_NAME = Complication;
				CODE_SIGN_STYLE = Automatic;
				DEVELOPMENT_TEAM = KDV5SVN7RH;
				INFOPLIST_FILE = "AccelerationForWatch Extension/Info.plist";
				LD_RUNPATH_SEARCH_PATHS = (
					"$(inherited)",
					"@executable_path/Frameworks",
					"@executable_path/../../Frameworks",
				);
				PRODUCT_BUNDLE_IDENTIFIER = com.project.AccelerationSensor.watchkitapp.watchkitextension2;
				PRODUCT_NAME = "${TARGET_NAME}";
				SDKROOT = watchos;
				SKIP_INSTALL = YES;
				SWIFT_VERSION = 4.0;
				TARGETED_DEVICE_FAMILY = 4;
				WATCHOS_DEPLOYMENT_TARGET = 4.3;
			};
			name = Debug;
		};
		E3770DCF20E611C600F84B2F /* Release */ = {
			isa = XCBuildConfiguration;
			buildSettings = {
				ASSETCATALOG_COMPILER_COMPLICATION_NAME = Complication;
				CODE_SIGN_STYLE = Automatic;
				DEVELOPMENT_TEAM = KDV5SVN7RH;
				INFOPLIST_FILE = "AccelerationForWatch Extension/Info.plist";
				LD_RUNPATH_SEARCH_PATHS = (
					"$(inherited)",
					"@executable_path/Frameworks",
					"@executable_path/../../Frameworks",
				);
				PRODUCT_BUNDLE_IDENTIFIER = com.project.AccelerationSensor.watchkitapp.watchkitextension2;
				PRODUCT_NAME = "${TARGET_NAME}";
				SDKROOT = watchos;
				SKIP_INSTALL = YES;
				SWIFT_VERSION = 4.0;
				TARGETED_DEVICE_FAMILY = 4;
				WATCHOS_DEPLOYMENT_TARGET = 4.3;
			};
			name = Release;
		};
		E3A4A79020D21A65004908DA /* Debug */ = {
			isa = XCBuildConfiguration;
			buildSettings = {
				ALWAYS_SEARCH_USER_PATHS = NO;
				CLANG_ANALYZER_NONNULL = YES;
				CLANG_ANALYZER_NUMBER_OBJECT_CONVERSION = YES_AGGRESSIVE;
				CLANG_CXX_LANGUAGE_STANDARD = "gnu++14";
				CLANG_CXX_LIBRARY = "libc++";
				CLANG_ENABLE_MODULES = YES;
				CLANG_ENABLE_OBJC_ARC = YES;
				CLANG_ENABLE_OBJC_WEAK = YES;
				CLANG_WARN_BLOCK_CAPTURE_AUTORELEASING = YES;
				CLANG_WARN_BOOL_CONVERSION = YES;
				CLANG_WARN_COMMA = YES;
				CLANG_WARN_CONSTANT_CONVERSION = YES;
				CLANG_WARN_DEPRECATED_OBJC_IMPLEMENTATIONS = YES;
				CLANG_WARN_DIRECT_OBJC_ISA_USAGE = YES_ERROR;
				CLANG_WARN_DOCUMENTATION_COMMENTS = YES;
				CLANG_WARN_EMPTY_BODY = YES;
				CLANG_WARN_ENUM_CONVERSION = YES;
				CLANG_WARN_INFINITE_RECURSION = YES;
				CLANG_WARN_INT_CONVERSION = YES;
				CLANG_WARN_NON_LITERAL_NULL_CONVERSION = YES;
				CLANG_WARN_OBJC_IMPLICIT_RETAIN_SELF = YES;
				CLANG_WARN_OBJC_LITERAL_CONVERSION = YES;
				CLANG_WARN_OBJC_ROOT_CLASS = YES_ERROR;
				CLANG_WARN_RANGE_LOOP_ANALYSIS = YES;
				CLANG_WARN_STRICT_PROTOTYPES = YES;
				CLANG_WARN_SUSPICIOUS_MOVE = YES;
				CLANG_WARN_UNGUARDED_AVAILABILITY = YES_AGGRESSIVE;
				CLANG_WARN_UNREACHABLE_CODE = YES;
				CLANG_WARN__DUPLICATE_METHOD_MATCH = YES;
				CODE_SIGN_IDENTITY = "iPhone Developer";
				COPY_PHASE_STRIP = NO;
				DEBUG_INFORMATION_FORMAT = dwarf;
				ENABLE_STRICT_OBJC_MSGSEND = YES;
				ENABLE_TESTABILITY = YES;
				GCC_C_LANGUAGE_STANDARD = gnu11;
				GCC_DYNAMIC_NO_PIC = NO;
				GCC_NO_COMMON_BLOCKS = YES;
				GCC_OPTIMIZATION_LEVEL = 0;
				GCC_PREPROCESSOR_DEFINITIONS = (
					"DEBUG=1",
					"$(inherited)",
				);
				GCC_WARN_64_TO_32_BIT_CONVERSION = YES;
				GCC_WARN_ABOUT_RETURN_TYPE = YES_ERROR;
				GCC_WARN_UNDECLARED_SELECTOR = YES;
				GCC_WARN_UNINITIALIZED_AUTOS = YES_AGGRESSIVE;
				GCC_WARN_UNUSED_FUNCTION = YES;
				GCC_WARN_UNUSED_VARIABLE = YES;
				IPHONEOS_DEPLOYMENT_TARGET = 11.4;
				MTL_ENABLE_DEBUG_INFO = YES;
				ONLY_ACTIVE_ARCH = YES;
				SDKROOT = iphoneos;
				SWIFT_ACTIVE_COMPILATION_CONDITIONS = DEBUG;
				SWIFT_OPTIMIZATION_LEVEL = "-Onone";
			};
			name = Debug;
		};
		E3A4A79120D21A65004908DA /* Release */ = {
			isa = XCBuildConfiguration;
			buildSettings = {
				ALWAYS_SEARCH_USER_PATHS = NO;
				CLANG_ANALYZER_NONNULL = YES;
				CLANG_ANALYZER_NUMBER_OBJECT_CONVERSION = YES_AGGRESSIVE;
				CLANG_CXX_LANGUAGE_STANDARD = "gnu++14";
				CLANG_CXX_LIBRARY = "libc++";
				CLANG_ENABLE_MODULES = YES;
				CLANG_ENABLE_OBJC_ARC = YES;
				CLANG_ENABLE_OBJC_WEAK = YES;
				CLANG_WARN_BLOCK_CAPTURE_AUTORELEASING = YES;
				CLANG_WARN_BOOL_CONVERSION = YES;
				CLANG_WARN_COMMA = YES;
				CLANG_WARN_CONSTANT_CONVERSION = YES;
				CLANG_WARN_DEPRECATED_OBJC_IMPLEMENTATIONS = YES;
				CLANG_WARN_DIRECT_OBJC_ISA_USAGE = YES_ERROR;
				CLANG_WARN_DOCUMENTATION_COMMENTS = YES;
				CLANG_WARN_EMPTY_BODY = YES;
				CLANG_WARN_ENUM_CONVERSION = YES;
				CLANG_WARN_INFINITE_RECURSION = YES;
				CLANG_WARN_INT_CONVERSION = YES;
				CLANG_WARN_NON_LITERAL_NULL_CONVERSION = YES;
				CLANG_WARN_OBJC_IMPLICIT_RETAIN_SELF = YES;
				CLANG_WARN_OBJC_LITERAL_CONVERSION = YES;
				CLANG_WARN_OBJC_ROOT_CLASS = YES_ERROR;
				CLANG_WARN_RANGE_LOOP_ANALYSIS = YES;
				CLANG_WARN_STRICT_PROTOTYPES = YES;
				CLANG_WARN_SUSPICIOUS_MOVE = YES;
				CLANG_WARN_UNGUARDED_AVAILABILITY = YES_AGGRESSIVE;
				CLANG_WARN_UNREACHABLE_CODE = YES;
				CLANG_WARN__DUPLICATE_METHOD_MATCH = YES;
				CODE_SIGN_IDENTITY = "iPhone Developer";
				COPY_PHASE_STRIP = NO;
				DEBUG_INFORMATION_FORMAT = "dwarf-with-dsym";
				ENABLE_NS_ASSERTIONS = NO;
				ENABLE_STRICT_OBJC_MSGSEND = YES;
				GCC_C_LANGUAGE_STANDARD = gnu11;
				GCC_NO_COMMON_BLOCKS = YES;
				GCC_WARN_64_TO_32_BIT_CONVERSION = YES;
				GCC_WARN_ABOUT_RETURN_TYPE = YES_ERROR;
				GCC_WARN_UNDECLARED_SELECTOR = YES;
				GCC_WARN_UNINITIALIZED_AUTOS = YES_AGGRESSIVE;
				GCC_WARN_UNUSED_FUNCTION = YES;
				GCC_WARN_UNUSED_VARIABLE = YES;
				IPHONEOS_DEPLOYMENT_TARGET = 11.4;
				MTL_ENABLE_DEBUG_INFO = NO;
				SDKROOT = iphoneos;
				SWIFT_COMPILATION_MODE = wholemodule;
				SWIFT_OPTIMIZATION_LEVEL = "-O";
				VALIDATE_PRODUCT = YES;
			};
			name = Release;
		};
		E3A4A79320D21A65004908DA /* Debug */ = {
			isa = XCBuildConfiguration;
			buildSettings = {
				ALWAYS_EMBED_SWIFT_STANDARD_LIBRARIES = YES;
				ASSETCATALOG_COMPILER_APPICON_NAME = AppIcon;
				CODE_SIGN_STYLE = Automatic;
				DEVELOPMENT_TEAM = KDV5SVN7RH;
				INFOPLIST_FILE = AccelerationSensor/Info.plist;
				LD_RUNPATH_SEARCH_PATHS = (
					"$(inherited)",
					"@executable_path/Frameworks",
				);
				PRODUCT_BUNDLE_IDENTIFIER = com.project.AccelerationSensor;
				PRODUCT_NAME = "$(TARGET_NAME)";
				SWIFT_VERSION = 4.0;
				TARGETED_DEVICE_FAMILY = "1,2";
			};
			name = Debug;
		};
		E3A4A79420D21A65004908DA /* Release */ = {
			isa = XCBuildConfiguration;
			buildSettings = {
				ALWAYS_EMBED_SWIFT_STANDARD_LIBRARIES = YES;
				ASSETCATALOG_COMPILER_APPICON_NAME = AppIcon;
				CODE_SIGN_STYLE = Automatic;
				DEVELOPMENT_TEAM = KDV5SVN7RH;
				INFOPLIST_FILE = AccelerationSensor/Info.plist;
				LD_RUNPATH_SEARCH_PATHS = (
					"$(inherited)",
					"@executable_path/Frameworks",
				);
				PRODUCT_BUNDLE_IDENTIFIER = com.project.AccelerationSensor;
				PRODUCT_NAME = "$(TARGET_NAME)";
				SWIFT_VERSION = 4.0;
				TARGETED_DEVICE_FAMILY = "1,2";
			};
			name = Release;
		};
		E3A4A79620D21A65004908DA /* Debug */ = {
			isa = XCBuildConfiguration;
			buildSettings = {
				ALWAYS_EMBED_SWIFT_STANDARD_LIBRARIES = YES;
				BUNDLE_LOADER = "$(TEST_HOST)";
				CODE_SIGN_STYLE = Automatic;
				DEVELOPMENT_TEAM = KDV5SVN7RH;
				INFOPLIST_FILE = AccelerationSensorTests/Info.plist;
				LD_RUNPATH_SEARCH_PATHS = (
					"$(inherited)",
					"@executable_path/Frameworks",
					"@loader_path/Frameworks",
				);
				PRODUCT_BUNDLE_IDENTIFIER = com.project.AccelerationSensorTests;
				PRODUCT_NAME = "$(TARGET_NAME)";
				SWIFT_VERSION = 4.0;
				TARGETED_DEVICE_FAMILY = "1,2";
				TEST_HOST = "$(BUILT_PRODUCTS_DIR)/AccelerationSensor.app/AccelerationSensor";
			};
			name = Debug;
		};
		E3A4A79720D21A65004908DA /* Release */ = {
			isa = XCBuildConfiguration;
			buildSettings = {
				ALWAYS_EMBED_SWIFT_STANDARD_LIBRARIES = YES;
				BUNDLE_LOADER = "$(TEST_HOST)";
				CODE_SIGN_STYLE = Automatic;
				DEVELOPMENT_TEAM = KDV5SVN7RH;
				INFOPLIST_FILE = AccelerationSensorTests/Info.plist;
				LD_RUNPATH_SEARCH_PATHS = (
					"$(inherited)",
					"@executable_path/Frameworks",
					"@loader_path/Frameworks",
				);
				PRODUCT_BUNDLE_IDENTIFIER = com.project.AccelerationSensorTests;
				PRODUCT_NAME = "$(TARGET_NAME)";
				SWIFT_VERSION = 4.0;
				TARGETED_DEVICE_FAMILY = "1,2";
				TEST_HOST = "$(BUILT_PRODUCTS_DIR)/AccelerationSensor.app/AccelerationSensor";
			};
			name = Release;
		};
		E3A4A79920D21A65004908DA /* Debug */ = {
			isa = XCBuildConfiguration;
			buildSettings = {
				ALWAYS_EMBED_SWIFT_STANDARD_LIBRARIES = YES;
				CODE_SIGN_STYLE = Automatic;
				DEVELOPMENT_TEAM = KDV5SVN7RH;
				INFOPLIST_FILE = AccelerationSensorUITests/Info.plist;
				LD_RUNPATH_SEARCH_PATHS = (
					"$(inherited)",
					"@executable_path/Frameworks",
					"@loader_path/Frameworks",
				);
				PRODUCT_BUNDLE_IDENTIFIER = com.project.AccelerationSensorUITests;
				PRODUCT_NAME = "$(TARGET_NAME)";
				SWIFT_VERSION = 4.0;
				TARGETED_DEVICE_FAMILY = "1,2";
				TEST_TARGET_NAME = AccelerationSensor;
			};
			name = Debug;
		};
		E3A4A79A20D21A65004908DA /* Release */ = {
			isa = XCBuildConfiguration;
			buildSettings = {
				ALWAYS_EMBED_SWIFT_STANDARD_LIBRARIES = YES;
				CODE_SIGN_STYLE = Automatic;
				DEVELOPMENT_TEAM = KDV5SVN7RH;
				INFOPLIST_FILE = AccelerationSensorUITests/Info.plist;
				LD_RUNPATH_SEARCH_PATHS = (
					"$(inherited)",
					"@executable_path/Frameworks",
					"@loader_path/Frameworks",
				);
				PRODUCT_BUNDLE_IDENTIFIER = com.project.AccelerationSensorUITests;
				PRODUCT_NAME = "$(TARGET_NAME)";
				SWIFT_VERSION = 4.0;
				TARGETED_DEVICE_FAMILY = "1,2";
				TEST_TARGET_NAME = AccelerationSensor;
			};
			name = Release;
		};
/* End XCBuildConfiguration section */

/* Begin XCConfigurationList section */
		E3770DD120E611C600F84B2F /* Build configuration list for PBXNativeTarget "AccelerationForWatch Extension" */ = {
			isa = XCConfigurationList;
			buildConfigurations = (
				E3770DCE20E611C600F84B2F /* Debug */,
				E3770DCF20E611C600F84B2F /* Release */,
			);
			defaultConfigurationIsVisible = 0;
			defaultConfigurationName = Release;
		};
		E3770DD320E611C600F84B2F /* Build configuration list for PBXNativeTarget "AccelerationForWatch" */ = {
			isa = XCConfigurationList;
			buildConfigurations = (
				E3770DCC20E611C600F84B2F /* Debug */,
				E3770DCD20E611C600F84B2F /* Release */,
			);
			defaultConfigurationIsVisible = 0;
			defaultConfigurationName = Release;
		};
		E3A4A76520D21A63004908DA /* Build configuration list for PBXProject "AccelerationSensor" */ = {
			isa = XCConfigurationList;
			buildConfigurations = (
				E3A4A79020D21A65004908DA /* Debug */,
				E3A4A79120D21A65004908DA /* Release */,
			);
			defaultConfigurationIsVisible = 0;
			defaultConfigurationName = Release;
		};
		E3A4A79220D21A65004908DA /* Build configuration list for PBXNativeTarget "AccelerationSensor" */ = {
			isa = XCConfigurationList;
			buildConfigurations = (
				E3A4A79320D21A65004908DA /* Debug */,
				E3A4A79420D21A65004908DA /* Release */,
			);
			defaultConfigurationIsVisible = 0;
			defaultConfigurationName = Release;
		};
		E3A4A79520D21A65004908DA /* Build configuration list for PBXNativeTarget "AccelerationSensorTests" */ = {
			isa = XCConfigurationList;
			buildConfigurations = (
				E3A4A79620D21A65004908DA /* Debug */,
				E3A4A79720D21A65004908DA /* Release */,
			);
			defaultConfigurationIsVisible = 0;
			defaultConfigurationName = Release;
		};
		E3A4A79820D21A65004908DA /* Build configuration list for PBXNativeTarget "AccelerationSensorUITests" */ = {
			isa = XCConfigurationList;
			buildConfigurations = (
				E3A4A79920D21A65004908DA /* Debug */,
				E3A4A79A20D21A65004908DA /* Release */,
			);
			defaultConfigurationIsVisible = 0;
			defaultConfigurationName = Release;
		};
/* End XCConfigurationList section */
	};
	rootObject = E3A4A76220D21A63004908DA /* Project object */;
}
